// !$*UTF8*$!
{
	archiveVersion = 1;
	classes = {
	};
	objectVersion = 51;
	objects = {

/* Begin PBXBuildFile section */
		6A104FFC2643D6AD00C93AE7 /* explore.json in Resources */ = {isa = PBXBuildFile; fileRef = 6A104FFB2643D6AD00C93AE7 /* explore.json */; };
		6A1BE5C4263BD15A00728793 /* CommentsViewController.swift in Sources */ = {isa = PBXBuildFile; fileRef = 6A1BE5C3263BD15A00728793 /* CommentsViewController.swift */; };
		6A1BE5DC263BEC0300728793 /* PostComment.swift in Sources */ = {isa = PBXBuildFile; fileRef = 6A1BE5DB263BEC0300728793 /* PostComment.swift */; };
		6A1BE5DF263BEC3600728793 /* User.swift in Sources */ = {isa = PBXBuildFile; fileRef = 6A1BE5DE263BEC3600728793 /* User.swift */; };
		6A33FE43262C107D00ABE5A7 /* AppDelegate.swift in Sources */ = {isa = PBXBuildFile; fileRef = 6A33FE42262C107D00ABE5A7 /* AppDelegate.swift */; };
		6A33FE45262C107D00ABE5A7 /* SceneDelegate.swift in Sources */ = {isa = PBXBuildFile; fileRef = 6A33FE44262C107D00ABE5A7 /* SceneDelegate.swift */; };
		6A33FE47262C107D00ABE5A7 /* HomeViewController.swift in Sources */ = {isa = PBXBuildFile; fileRef = 6A33FE46262C107D00ABE5A7 /* HomeViewController.swift */; };
		6A33FE4C262C107D00ABE5A7 /* Assets.xcassets in Resources */ = {isa = PBXBuildFile; fileRef = 6A33FE4B262C107D00ABE5A7 /* Assets.xcassets */; };
		6A33FE4F262C107D00ABE5A7 /* LaunchScreen.storyboard in Resources */ = {isa = PBXBuildFile; fileRef = 6A33FE4D262C107D00ABE5A7 /* LaunchScreen.storyboard */; };
		6A4F2C14263D42B4002508E3 /* mockVideo.mp4 in Resources */ = {isa = PBXBuildFile; fileRef = 6A4F2C13263D42B4002508E3 /* mockVideo.mp4 */; };
		6A4FBFAC263BF986006B8E21 /* CommentTableViewCell.swift in Sources */ = {isa = PBXBuildFile; fileRef = 6A4FBFAB263BF986006B8E21 /* CommentTableViewCell.swift */; };
		6A949065263E8EAA0017D584 /* ExploreSection.swift in Sources */ = {isa = PBXBuildFile; fileRef = 6A949064263E8EAA0017D584 /* ExploreSection.swift */; };
		6A949068263E8EE00017D584 /* ExploreCell.swift in Sources */ = {isa = PBXBuildFile; fileRef = 6A949067263E8EE00017D584 /* ExploreCell.swift */; };
		6A94906B263E8F1B0017D584 /* ExploreSectionType.swift in Sources */ = {isa = PBXBuildFile; fileRef = 6A94906A263E8F1B0017D584 /* ExploreSectionType.swift */; };
		6A94906E263E953A0017D584 /* ExploreBannerViewModel.swift in Sources */ = {isa = PBXBuildFile; fileRef = 6A94906D263E953A0017D584 /* ExploreBannerViewModel.swift */; };
		6A949071263E95700017D584 /* ExplorePostViewModel.swift in Sources */ = {isa = PBXBuildFile; fileRef = 6A949070263E95700017D584 /* ExplorePostViewModel.swift */; };
		6A949074263E95940017D584 /* ExploreHashtagViewModel.swift in Sources */ = {isa = PBXBuildFile; fileRef = 6A949073263E95940017D584 /* ExploreHashtagViewModel.swift */; };
		6A949077263E95B50017D584 /* ExploreUserViewModel.swift in Sources */ = {isa = PBXBuildFile; fileRef = 6A949076263E95B50017D584 /* ExploreUserViewModel.swift */; };
		6AAA2A3E262C16FF003D463E /* ExploreViewController.swift in Sources */ = {isa = PBXBuildFile; fileRef = 6AAA2A3D262C16FF003D463E /* ExploreViewController.swift */; };
		6AAA2A41262C1715003D463E /* CameraViewController.swift in Sources */ = {isa = PBXBuildFile; fileRef = 6AAA2A40262C1715003D463E /* CameraViewController.swift */; };
		6AAA2A44262C1728003D463E /* NotificationsViewController.swift in Sources */ = {isa = PBXBuildFile; fileRef = 6AAA2A43262C1728003D463E /* NotificationsViewController.swift */; };
		6AAA2A47262C1733003D463E /* ProfileViewController.swift in Sources */ = {isa = PBXBuildFile; fileRef = 6AAA2A46262C1733003D463E /* ProfileViewController.swift */; };
		6AAA2A4A262C17A2003D463E /* TabBarViewController.swift in Sources */ = {isa = PBXBuildFile; fileRef = 6AAA2A49262C17A2003D463E /* TabBarViewController.swift */; };
		6AAA2A4D262C17BA003D463E /* UserListViewController.swift in Sources */ = {isa = PBXBuildFile; fileRef = 6AAA2A4C262C17BA003D463E /* UserListViewController.swift */; };
		6AAA2A50262C17C6003D463E /* SignInViewController.swift in Sources */ = {isa = PBXBuildFile; fileRef = 6AAA2A4F262C17C6003D463E /* SignInViewController.swift */; };
		6AAA2A53262C17D2003D463E /* SignUpViewController.swift in Sources */ = {isa = PBXBuildFile; fileRef = 6AAA2A52262C17D2003D463E /* SignUpViewController.swift */; };
		6AAA2A56262C17DE003D463E /* SettingViewController.swift in Sources */ = {isa = PBXBuildFile; fileRef = 6AAA2A55262C17DE003D463E /* SettingViewController.swift */; };
		6AAA2A5B262C1851003D463E /* PostViewController.swift in Sources */ = {isa = PBXBuildFile; fileRef = 6AAA2A5A262C1851003D463E /* PostViewController.swift */; };
		6AAA2A62262C18D8003D463E /* StorageManager.swift in Sources */ = {isa = PBXBuildFile; fileRef = 6AAA2A61262C18D8003D463E /* StorageManager.swift */; };
		6AAA2A65262C18EB003D463E /* DatabaseManager.swift in Sources */ = {isa = PBXBuildFile; fileRef = 6AAA2A64262C18EB003D463E /* DatabaseManager.swift */; };
		6AAA2A68262C1906003D463E /* AuthenticationManager.swift in Sources */ = {isa = PBXBuildFile; fileRef = 6AAA2A67262C1906003D463E /* AuthenticationManager.swift */; };
		6AAA2A6B262C1913003D463E /* HapticsManager.swift in Sources */ = {isa = PBXBuildFile; fileRef = 6AAA2A6A262C1913003D463E /* HapticsManager.swift */; };
		6AAA397126413BBD00DA3C1C /* ExploreManager.swift in Sources */ = {isa = PBXBuildFile; fileRef = 6AAA397026413BBD00DA3C1C /* ExploreManager.swift */; };
		6ACD145726315218004C3139 /* PostModel.swift in Sources */ = {isa = PBXBuildFile; fileRef = 6ACD145626315218004C3139 /* PostModel.swift */; };
		6AD0449B263012A5000AB3B7 /* Extensions.swift in Sources */ = {isa = PBXBuildFile; fileRef = 6AD0449A263012A5000AB3B7 /* Extensions.swift */; };
		6AFA39EE262D7ABD002C958E /* GoogleService-Info.plist in Resources */ = {isa = PBXBuildFile; fileRef = 6AFA39ED262D7ABD002C958E /* GoogleService-Info.plist */; };
		F95670C8A70A52B892BC72A0 /* Pods_TikTok_Clone.framework in Frameworks */ = {isa = PBXBuildFile; fileRef = 118FB7E0137244D0A05EB204 /* Pods_TikTok_Clone.framework */; };
/* End PBXBuildFile section */

/* Begin PBXFileReference section */
		118FB7E0137244D0A05EB204 /* Pods_TikTok_Clone.framework */ = {isa = PBXFileReference; explicitFileType = wrapper.framework; includeInIndex = 0; path = Pods_TikTok_Clone.framework; sourceTree = BUILT_PRODUCTS_DIR; };
		2E8D877CF932677DA393560E /* Pods-TikTok_Clone.release.xcconfig */ = {isa = PBXFileReference; includeInIndex = 1; lastKnownFileType = text.xcconfig; name = "Pods-TikTok_Clone.release.xcconfig"; path = "Target Support Files/Pods-TikTok_Clone/Pods-TikTok_Clone.release.xcconfig"; sourceTree = "<group>"; };
		6A104FFB2643D6AD00C93AE7 /* explore.json */ = {isa = PBXFileReference; fileEncoding = 4; lastKnownFileType = text.json; path = explore.json; sourceTree = "<group>"; };
		6A1BE5C3263BD15A00728793 /* CommentsViewController.swift */ = {isa = PBXFileReference; lastKnownFileType = sourcecode.swift; path = CommentsViewController.swift; sourceTree = "<group>"; };
		6A1BE5DB263BEC0300728793 /* PostComment.swift */ = {isa = PBXFileReference; lastKnownFileType = sourcecode.swift; path = PostComment.swift; sourceTree = "<group>"; };
		6A1BE5DE263BEC3600728793 /* User.swift */ = {isa = PBXFileReference; lastKnownFileType = sourcecode.swift; path = User.swift; sourceTree = "<group>"; };
		6A33FE3F262C107D00ABE5A7 /* TikTok_Clone.app */ = {isa = PBXFileReference; explicitFileType = wrapper.application; includeInIndex = 0; path = TikTok_Clone.app; sourceTree = BUILT_PRODUCTS_DIR; };
		6A33FE42262C107D00ABE5A7 /* AppDelegate.swift */ = {isa = PBXFileReference; lastKnownFileType = sourcecode.swift; path = AppDelegate.swift; sourceTree = "<group>"; };
		6A33FE44262C107D00ABE5A7 /* SceneDelegate.swift */ = {isa = PBXFileReference; lastKnownFileType = sourcecode.swift; path = SceneDelegate.swift; sourceTree = "<group>"; };
		6A33FE46262C107D00ABE5A7 /* HomeViewController.swift */ = {isa = PBXFileReference; lastKnownFileType = sourcecode.swift; path = HomeViewController.swift; sourceTree = "<group>"; };
		6A33FE4B262C107D00ABE5A7 /* Assets.xcassets */ = {isa = PBXFileReference; lastKnownFileType = folder.assetcatalog; path = Assets.xcassets; sourceTree = "<group>"; };
		6A33FE4E262C107D00ABE5A7 /* Base */ = {isa = PBXFileReference; lastKnownFileType = file.storyboard; name = Base; path = Base.lproj/LaunchScreen.storyboard; sourceTree = "<group>"; };
		6A33FE50262C107D00ABE5A7 /* Info.plist */ = {isa = PBXFileReference; lastKnownFileType = text.plist.xml; path = Info.plist; sourceTree = "<group>"; };
		6A4F2C13263D42B4002508E3 /* mockVideo.mp4 */ = {isa = PBXFileReference; lastKnownFileType = file; path = mockVideo.mp4; sourceTree = "<group>"; };
		6A4FBFAB263BF986006B8E21 /* CommentTableViewCell.swift */ = {isa = PBXFileReference; lastKnownFileType = sourcecode.swift; path = CommentTableViewCell.swift; sourceTree = "<group>"; };
		6A949064263E8EAA0017D584 /* ExploreSection.swift */ = {isa = PBXFileReference; lastKnownFileType = sourcecode.swift; path = ExploreSection.swift; sourceTree = "<group>"; };
		6A949067263E8EE00017D584 /* ExploreCell.swift */ = {isa = PBXFileReference; lastKnownFileType = sourcecode.swift; path = ExploreCell.swift; sourceTree = "<group>"; };
		6A94906A263E8F1B0017D584 /* ExploreSectionType.swift */ = {isa = PBXFileReference; lastKnownFileType = sourcecode.swift; path = ExploreSectionType.swift; sourceTree = "<group>"; };
		6A94906D263E953A0017D584 /* ExploreBannerViewModel.swift */ = {isa = PBXFileReference; lastKnownFileType = sourcecode.swift; path = ExploreBannerViewModel.swift; sourceTree = "<group>"; };
		6A949070263E95700017D584 /* ExplorePostViewModel.swift */ = {isa = PBXFileReference; lastKnownFileType = sourcecode.swift; path = ExplorePostViewModel.swift; sourceTree = "<group>"; };
		6A949073263E95940017D584 /* ExploreHashtagViewModel.swift */ = {isa = PBXFileReference; lastKnownFileType = sourcecode.swift; path = ExploreHashtagViewModel.swift; sourceTree = "<group>"; };
		6A949076263E95B50017D584 /* ExploreUserViewModel.swift */ = {isa = PBXFileReference; lastKnownFileType = sourcecode.swift; path = ExploreUserViewModel.swift; sourceTree = "<group>"; };
		6AAA2A3D262C16FF003D463E /* ExploreViewController.swift */ = {isa = PBXFileReference; lastKnownFileType = sourcecode.swift; path = ExploreViewController.swift; sourceTree = "<group>"; };
		6AAA2A40262C1715003D463E /* CameraViewController.swift */ = {isa = PBXFileReference; lastKnownFileType = sourcecode.swift; path = CameraViewController.swift; sourceTree = "<group>"; };
		6AAA2A43262C1728003D463E /* NotificationsViewController.swift */ = {isa = PBXFileReference; lastKnownFileType = sourcecode.swift; path = NotificationsViewController.swift; sourceTree = "<group>"; };
		6AAA2A46262C1733003D463E /* ProfileViewController.swift */ = {isa = PBXFileReference; lastKnownFileType = sourcecode.swift; path = ProfileViewController.swift; sourceTree = "<group>"; };
		6AAA2A49262C17A2003D463E /* TabBarViewController.swift */ = {isa = PBXFileReference; lastKnownFileType = sourcecode.swift; path = TabBarViewController.swift; sourceTree = "<group>"; };
		6AAA2A4C262C17BA003D463E /* UserListViewController.swift */ = {isa = PBXFileReference; lastKnownFileType = sourcecode.swift; path = UserListViewController.swift; sourceTree = "<group>"; };
		6AAA2A4F262C17C6003D463E /* SignInViewController.swift */ = {isa = PBXFileReference; lastKnownFileType = sourcecode.swift; path = SignInViewController.swift; sourceTree = "<group>"; };
		6AAA2A52262C17D2003D463E /* SignUpViewController.swift */ = {isa = PBXFileReference; lastKnownFileType = sourcecode.swift; path = SignUpViewController.swift; sourceTree = "<group>"; };
		6AAA2A55262C17DE003D463E /* SettingViewController.swift */ = {isa = PBXFileReference; lastKnownFileType = sourcecode.swift; path = SettingViewController.swift; sourceTree = "<group>"; };
		6AAA2A5A262C1851003D463E /* PostViewController.swift */ = {isa = PBXFileReference; lastKnownFileType = sourcecode.swift; path = PostViewController.swift; sourceTree = "<group>"; };
		6AAA2A61262C18D8003D463E /* StorageManager.swift */ = {isa = PBXFileReference; lastKnownFileType = sourcecode.swift; path = StorageManager.swift; sourceTree = "<group>"; };
		6AAA2A64262C18EB003D463E /* DatabaseManager.swift */ = {isa = PBXFileReference; lastKnownFileType = sourcecode.swift; path = DatabaseManager.swift; sourceTree = "<group>"; };
		6AAA2A67262C1906003D463E /* AuthenticationManager.swift */ = {isa = PBXFileReference; lastKnownFileType = sourcecode.swift; path = AuthenticationManager.swift; sourceTree = "<group>"; };
		6AAA2A6A262C1913003D463E /* HapticsManager.swift */ = {isa = PBXFileReference; lastKnownFileType = sourcecode.swift; path = HapticsManager.swift; sourceTree = "<group>"; };
		6AAA397026413BBD00DA3C1C /* ExploreManager.swift */ = {isa = PBXFileReference; lastKnownFileType = sourcecode.swift; path = ExploreManager.swift; sourceTree = "<group>"; };
		6ACD145626315218004C3139 /* PostModel.swift */ = {isa = PBXFileReference; lastKnownFileType = sourcecode.swift; path = PostModel.swift; sourceTree = "<group>"; };
		6AD0449A263012A5000AB3B7 /* Extensions.swift */ = {isa = PBXFileReference; lastKnownFileType = sourcecode.swift; path = Extensions.swift; sourceTree = "<group>"; };
		6AFA39ED262D7ABD002C958E /* GoogleService-Info.plist */ = {isa = PBXFileReference; fileEncoding = 4; lastKnownFileType = text.plist.xml; path = "GoogleService-Info.plist"; sourceTree = "<group>"; };
		F94DB877476CB2A06806B6B5 /* Pods-TikTok_Clone.debug.xcconfig */ = {isa = PBXFileReference; includeInIndex = 1; lastKnownFileType = text.xcconfig; name = "Pods-TikTok_Clone.debug.xcconfig"; path = "Target Support Files/Pods-TikTok_Clone/Pods-TikTok_Clone.debug.xcconfig"; sourceTree = "<group>"; };
/* End PBXFileReference section */

/* Begin PBXFrameworksBuildPhase section */
		6A33FE3C262C107C00ABE5A7 /* Frameworks */ = {
			isa = PBXFrameworksBuildPhase;
			buildActionMask = 2147483647;
			files = (
				F95670C8A70A52B892BC72A0 /* Pods_TikTok_Clone.framework in Frameworks */,
			);
			runOnlyForDeploymentPostprocessing = 0;
		};
/* End PBXFrameworksBuildPhase section */

/* Begin PBXGroup section */
		4CD8EE329272DFBF0B738916 /* Frameworks */ = {
			isa = PBXGroup;
			children = (
				118FB7E0137244D0A05EB204 /* Pods_TikTok_Clone.framework */,
			);
			name = Frameworks;
			sourceTree = "<group>";
		};
		6A33FE36262C107C00ABE5A7 = {
			isa = PBXGroup;
			children = (
				6A33FE41262C107D00ABE5A7 /* TikTok_Clone */,
				6A33FE40262C107D00ABE5A7 /* Products */,
				6E33692A495D58BA16859B86 /* Pods */,
				4CD8EE329272DFBF0B738916 /* Frameworks */,
			);
			sourceTree = "<group>";
		};
		6A33FE40262C107D00ABE5A7 /* Products */ = {
			isa = PBXGroup;
			children = (
				6A33FE3F262C107D00ABE5A7 /* TikTok_Clone.app */,
			);
			name = Products;
			sourceTree = "<group>";
		};
		6A33FE41262C107D00ABE5A7 /* TikTok_Clone */ = {
			isa = PBXGroup;
			children = (
				6AAA2A39262C15E7003D463E /* Managers */,
				6AAA2A38262C15E1003D463E /* ViewModels */,
				6AAA2A37262C15DB003D463E /* Models */,
				6AAA2A36262C15B2003D463E /* Views */,
				6AAA2A35262C1588003D463E /* Controllers */,
				6AAA2A34262C1568003D463E /* Resources */,
				6A33FE50262C107D00ABE5A7 /* Info.plist */,
			);
			path = TikTok_Clone;
			sourceTree = "<group>";
		};
		6AAA2A34262C1568003D463E /* Resources */ = {
			isa = PBXGroup;
			children = (
				6A33FE4B262C107D00ABE5A7 /* Assets.xcassets */,
				6A104FFB2643D6AD00C93AE7 /* explore.json */,
				6A4F2C13263D42B4002508E3 /* mockVideo.mp4 */,
				6AFA39ED262D7ABD002C958E /* GoogleService-Info.plist */,
				6A33FE42262C107D00ABE5A7 /* AppDelegate.swift */,
				6A33FE44262C107D00ABE5A7 /* SceneDelegate.swift */,
				6AD0449A263012A5000AB3B7 /* Extensions.swift */,
			);
			path = Resources;
			sourceTree = "<group>";
		};
		6AAA2A35262C1588003D463E /* Controllers */ = {
			isa = PBXGroup;
			children = (
				6AAA2A3C262C16A0003D463E /* Other */,
				6AAA2A3B262C1699003D463E /* Core */,
			);
			path = Controllers;
			sourceTree = "<group>";
		};
		6AAA2A36262C15B2003D463E /* Views */ = {
			isa = PBXGroup;
			children = (
				6AAA2A59262C1824003D463E /* Other */,
				6AAA2A58262C1808003D463E /* Stroyboard */,
			);
			path = Views;
			sourceTree = "<group>";
		};
		6AAA2A37262C15DB003D463E /* Models */ = {
			isa = PBXGroup;
			children = (
				6ACD145626315218004C3139 /* PostModel.swift */,
				6A1BE5DB263BEC0300728793 /* PostComment.swift */,
				6A1BE5DE263BEC3600728793 /* User.swift */,
				6A949064263E8EAA0017D584 /* ExploreSection.swift */,
				6A949067263E8EE00017D584 /* ExploreCell.swift */,
				6A94906A263E8F1B0017D584 /* ExploreSectionType.swift */,
			);
			path = Models;
			sourceTree = "<group>";
		};
		6AAA2A38262C15E1003D463E /* ViewModels */ = {
			isa = PBXGroup;
			children = (
				6A94906D263E953A0017D584 /* ExploreBannerViewModel.swift */,
				6A949070263E95700017D584 /* ExplorePostViewModel.swift */,
				6A949073263E95940017D584 /* ExploreHashtagViewModel.swift */,
				6A949076263E95B50017D584 /* ExploreUserViewModel.swift */,
			);
			path = ViewModels;
			sourceTree = "<group>";
		};
		6AAA2A39262C15E7003D463E /* Managers */ = {
			isa = PBXGroup;
			children = (
				6AAA2A61262C18D8003D463E /* StorageManager.swift */,
				6AAA2A64262C18EB003D463E /* DatabaseManager.swift */,
				6AAA2A67262C1906003D463E /* AuthenticationManager.swift */,
				6AAA2A6A262C1913003D463E /* HapticsManager.swift */,
				6AAA397026413BBD00DA3C1C /* ExploreManager.swift */,
			);
			path = Managers;
			sourceTree = "<group>";
		};
		6AAA2A3B262C1699003D463E /* Core */ = {
			isa = PBXGroup;
			children = (
				6A33FE46262C107D00ABE5A7 /* HomeViewController.swift */,
				6AAA2A3D262C16FF003D463E /* ExploreViewController.swift */,
				6AAA2A40262C1715003D463E /* CameraViewController.swift */,
				6AAA2A43262C1728003D463E /* NotificationsViewController.swift */,
				6AAA2A46262C1733003D463E /* ProfileViewController.swift */,
				6AAA2A49262C17A2003D463E /* TabBarViewController.swift */,
			);
			path = Core;
			sourceTree = "<group>";
		};
		6AAA2A3C262C16A0003D463E /* Other */ = {
			isa = PBXGroup;
			children = (
				6AAA2A4C262C17BA003D463E /* UserListViewController.swift */,
				6AAA2A4F262C17C6003D463E /* SignInViewController.swift */,
				6AAA2A52262C17D2003D463E /* SignUpViewController.swift */,
				6AAA2A55262C17DE003D463E /* SettingViewController.swift */,
				6AAA2A5A262C1851003D463E /* PostViewController.swift */,
				6A1BE5C3263BD15A00728793 /* CommentsViewController.swift */,
			);
			path = Other;
			sourceTree = "<group>";
		};
		6AAA2A58262C1808003D463E /* Stroyboard */ = {
			isa = PBXGroup;
			children = (
				6A33FE4D262C107D00ABE5A7 /* LaunchScreen.storyboard */,
			);
			path = Stroyboard;
			sourceTree = "<group>";
		};
		6AAA2A59262C1824003D463E /* Other */ = {
			isa = PBXGroup;
			children = (
				6A4FBFAB263BF986006B8E21 /* CommentTableViewCell.swift */,
			);
			path = Other;
			sourceTree = "<group>";
		};
		6E33692A495D58BA16859B86 /* Pods */ = {
			isa = PBXGroup;
			children = (
				F94DB877476CB2A06806B6B5 /* Pods-TikTok_Clone.debug.xcconfig */,
				2E8D877CF932677DA393560E /* Pods-TikTok_Clone.release.xcconfig */,
			);
			path = Pods;
			sourceTree = "<group>";
		};
/* End PBXGroup section */

/* Begin PBXNativeTarget section */
		6A33FE3E262C107C00ABE5A7 /* TikTok_Clone */ = {
			isa = PBXNativeTarget;
			buildConfigurationList = 6A33FE53262C107D00ABE5A7 /* Build configuration list for PBXNativeTarget "TikTok_Clone" */;
			buildPhases = (
				B74920304837DBCC8F75D5D4 /* [CP] Check Pods Manifest.lock */,
				6A33FE3B262C107C00ABE5A7 /* Sources */,
				6A33FE3C262C107C00ABE5A7 /* Frameworks */,
				6A33FE3D262C107C00ABE5A7 /* Resources */,
				6DDB77176B661E43BCEFC683 /* [CP] Embed Pods Frameworks */,
				6AFA39F0262D7E45002C958E /* ShellScript */,
			);
			buildRules = (
			);
			dependencies = (
			);
			name = TikTok_Clone;
			productName = TikTok_Clone;
			productReference = 6A33FE3F262C107D00ABE5A7 /* TikTok_Clone.app */;
			productType = "com.apple.product-type.application";
		};
/* End PBXNativeTarget section */

/* Begin PBXProject section */
		6A33FE37262C107C00ABE5A7 /* Project object */ = {
			isa = PBXProject;
			attributes = {
				LastSwiftUpdateCheck = 1240;
				LastUpgradeCheck = 1240;
				TargetAttributes = {
					6A33FE3E262C107C00ABE5A7 = {
						CreatedOnToolsVersion = 12.4;
					};
				};
			};
			buildConfigurationList = 6A33FE3A262C107C00ABE5A7 /* Build configuration list for PBXProject "TikTok_Clone" */;
			compatibilityVersion = "Xcode 9.3";
			developmentRegion = en;
			hasScannedForEncodings = 0;
			knownRegions = (
				en,
				Base,
			);
			mainGroup = 6A33FE36262C107C00ABE5A7;
			productRefGroup = 6A33FE40262C107D00ABE5A7 /* Products */;
			projectDirPath = "";
			projectRoot = "";
			targets = (
				6A33FE3E262C107C00ABE5A7 /* TikTok_Clone */,
			);
		};
/* End PBXProject section */

/* Begin PBXResourcesBuildPhase section */
		6A33FE3D262C107C00ABE5A7 /* Resources */ = {
			isa = PBXResourcesBuildPhase;
			buildActionMask = 2147483647;
			files = (
				6A104FFC2643D6AD00C93AE7 /* explore.json in Resources */,
				6A33FE4F262C107D00ABE5A7 /* LaunchScreen.storyboard in Resources */,
				6A4F2C14263D42B4002508E3 /* mockVideo.mp4 in Resources */,
				6A33FE4C262C107D00ABE5A7 /* Assets.xcassets in Resources */,
				6AFA39EE262D7ABD002C958E /* GoogleService-Info.plist in Resources */,
			);
			runOnlyForDeploymentPostprocessing = 0;
		};
/* End PBXResourcesBuildPhase section */

/* Begin PBXShellScriptBuildPhase section */
		6AFA39F0262D7E45002C958E /* ShellScript */ = {
			isa = PBXShellScriptBuildPhase;
			buildActionMask = 2147483647;
			files = (
			);
			inputFileListPaths = (
			);
			inputPaths = (
			);
			outputFileListPaths = (
			);
			outputPaths = (
			);
			runOnlyForDeploymentPostprocessing = 0;
			shellPath = /bin/sh;
			shellScript = "\"${PODS_ROOT}/FirebaseCrashlytics/run\"\n";
		};
		6DDB77176B661E43BCEFC683 /* [CP] Embed Pods Frameworks */ = {
			isa = PBXShellScriptBuildPhase;
			buildActionMask = 2147483647;
			files = (
			);
			inputFileListPaths = (
				"${PODS_ROOT}/Target Support Files/Pods-TikTok_Clone/Pods-TikTok_Clone-frameworks-${CONFIGURATION}-input-files.xcfilelist",
			);
			name = "[CP] Embed Pods Frameworks";
			outputFileListPaths = (
				"${PODS_ROOT}/Target Support Files/Pods-TikTok_Clone/Pods-TikTok_Clone-frameworks-${CONFIGURATION}-output-files.xcfilelist",
			);
			runOnlyForDeploymentPostprocessing = 0;
			shellPath = /bin/sh;
			shellScript = "\"${PODS_ROOT}/Target Support Files/Pods-TikTok_Clone/Pods-TikTok_Clone-frameworks.sh\"\n";
			showEnvVarsInLog = 0;
		};
		B74920304837DBCC8F75D5D4 /* [CP] Check Pods Manifest.lock */ = {
			isa = PBXShellScriptBuildPhase;
			buildActionMask = 2147483647;
			files = (
			);
			inputFileListPaths = (
			);
			inputPaths = (
				"${PODS_PODFILE_DIR_PATH}/Podfile.lock",
				"${PODS_ROOT}/Manifest.lock",
			);
			name = "[CP] Check Pods Manifest.lock";
			outputFileListPaths = (
			);
			outputPaths = (
				"$(DERIVED_FILE_DIR)/Pods-TikTok_Clone-checkManifestLockResult.txt",
			);
			runOnlyForDeploymentPostprocessing = 0;
			shellPath = /bin/sh;
			shellScript = "diff \"${PODS_PODFILE_DIR_PATH}/Podfile.lock\" \"${PODS_ROOT}/Manifest.lock\" > /dev/null\nif [ $? != 0 ] ; then\n    # print error to STDERR\n    echo \"error: The sandbox is not in sync with the Podfile.lock. Run 'pod install' or update your CocoaPods installation.\" >&2\n    exit 1\nfi\n# This output is used by Xcode 'outputs' to avoid re-running this script phase.\necho \"SUCCESS\" > \"${SCRIPT_OUTPUT_FILE_0}\"\n";
			showEnvVarsInLog = 0;
		};
/* End PBXShellScriptBuildPhase section */

/* Begin PBXSourcesBuildPhase section */
		6A33FE3B262C107C00ABE5A7 /* Sources */ = {
			isa = PBXSourcesBuildPhase;
			buildActionMask = 2147483647;
			files = (
				6AAA2A6B262C1913003D463E /* HapticsManager.swift in Sources */,
				6AD0449B263012A5000AB3B7 /* Extensions.swift in Sources */,
				6AAA2A65262C18EB003D463E /* DatabaseManager.swift in Sources */,
				6A949065263E8EAA0017D584 /* ExploreSection.swift in Sources */,
				6AAA397126413BBD00DA3C1C /* ExploreManager.swift in Sources */,
				6A4FBFAC263BF986006B8E21 /* CommentTableViewCell.swift in Sources */,
				6AAA2A53262C17D2003D463E /* SignUpViewController.swift in Sources */,
				6AAA2A4A262C17A2003D463E /* TabBarViewController.swift in Sources */,
				6A949074263E95940017D584 /* ExploreHashtagViewModel.swift in Sources */,
				6AAA2A3E262C16FF003D463E /* ExploreViewController.swift in Sources */,
				6AAA2A5B262C1851003D463E /* PostViewController.swift in Sources */,
				6AAA2A41262C1715003D463E /* CameraViewController.swift in Sources */,
				6A949071263E95700017D584 /* ExplorePostViewModel.swift in Sources */,
				6A949068263E8EE00017D584 /* ExploreCell.swift in Sources */,
				6A1BE5C4263BD15A00728793 /* CommentsViewController.swift in Sources */,
				6A94906E263E953A0017D584 /* ExploreBannerViewModel.swift in Sources */,
				6A949077263E95B50017D584 /* ExploreUserViewModel.swift in Sources */,
				6A33FE47262C107D00ABE5A7 /* HomeViewController.swift in Sources */,
				6A1BE5DF263BEC3600728793 /* User.swift in Sources */,
				6AAA2A44262C1728003D463E /* NotificationsViewController.swift in Sources */,
				6AAA2A4D262C17BA003D463E /* UserListViewController.swift in Sources */,
				6AAA2A68262C1906003D463E /* AuthenticationManager.swift in Sources */,
				6AAA2A47262C1733003D463E /* ProfileViewController.swift in Sources */,
				6A1BE5DC263BEC0300728793 /* PostComment.swift in Sources */,
				6A33FE43262C107D00ABE5A7 /* AppDelegate.swift in Sources */,
				6ACD145726315218004C3139 /* PostModel.swift in Sources */,
				6AAA2A50262C17C6003D463E /* SignInViewController.swift in Sources */,
				6AAA2A62262C18D8003D463E /* StorageManager.swift in Sources */,
				6A33FE45262C107D00ABE5A7 /* SceneDelegate.swift in Sources */,
				6AAA2A56262C17DE003D463E /* SettingViewController.swift in Sources */,
				6A94906B263E8F1B0017D584 /* ExploreSectionType.swift in Sources */,
			);
			runOnlyForDeploymentPostprocessing = 0;
		};
/* End PBXSourcesBuildPhase section */

/* Begin PBXVariantGroup section */
		6A33FE4D262C107D00ABE5A7 /* LaunchScreen.storyboard */ = {
			isa = PBXVariantGroup;
			children = (
				6A33FE4E262C107D00ABE5A7 /* Base */,
			);
			name = LaunchScreen.storyboard;
			sourceTree = "<group>";
		};
/* End PBXVariantGroup section */

/* Begin XCBuildConfiguration section */
		6A33FE51262C107D00ABE5A7 /* Debug */ = {
			isa = XCBuildConfiguration;
			buildSettings = {
				ALWAYS_SEARCH_USER_PATHS = NO;
				CLANG_ANALYZER_NONNULL = YES;
				CLANG_ANALYZER_NUMBER_OBJECT_CONVERSION = YES_AGGRESSIVE;
				CLANG_CXX_LANGUAGE_STANDARD = "gnu++14";
				CLANG_CXX_LIBRARY = "libc++";
				CLANG_ENABLE_MODULES = YES;
				CLANG_ENABLE_OBJC_ARC = YES;
				CLANG_ENABLE_OBJC_WEAK = YES;
				CLANG_WARN_BLOCK_CAPTURE_AUTORELEASING = YES;
				CLANG_WARN_BOOL_CONVERSION = YES;
				CLANG_WARN_COMMA = YES;
				CLANG_WARN_CONSTANT_CONVERSION = YES;
				CLANG_WARN_DEPRECATED_OBJC_IMPLEMENTATIONS = YES;
				CLANG_WARN_DIRECT_OBJC_ISA_USAGE = YES_ERROR;
				CLANG_WARN_DOCUMENTATION_COMMENTS = YES;
				CLANG_WARN_EMPTY_BODY = YES;
				CLANG_WARN_ENUM_CONVERSION = YES;
				CLANG_WARN_INFINITE_RECURSION = YES;
				CLANG_WARN_INT_CONVERSION = YES;
				CLANG_WARN_NON_LITERAL_NULL_CONVERSION = YES;
				CLANG_WARN_OBJC_IMPLICIT_RETAIN_SELF = YES;
				CLANG_WARN_OBJC_LITERAL_CONVERSION = YES;
				CLANG_WARN_OBJC_ROOT_CLASS = YES_ERROR;
				CLANG_WARN_QUOTED_INCLUDE_IN_FRAMEWORK_HEADER = YES;
				CLANG_WARN_RANGE_LOOP_ANALYSIS = YES;
				CLANG_WARN_STRICT_PROTOTYPES = YES;
				CLANG_WARN_SUSPICIOUS_MOVE = YES;
				CLANG_WARN_UNGUARDED_AVAILABILITY = YES_AGGRESSIVE;
				CLANG_WARN_UNREACHABLE_CODE = YES;
				CLANG_WARN__DUPLICATE_METHOD_MATCH = YES;
				COPY_PHASE_STRIP = NO;
				DEBUG_INFORMATION_FORMAT = dwarf;
				ENABLE_STRICT_OBJC_MSGSEND = YES;
				ENABLE_TESTABILITY = YES;
				GCC_C_LANGUAGE_STANDARD = gnu11;
				GCC_DYNAMIC_NO_PIC = NO;
				GCC_NO_COMMON_BLOCKS = YES;
				GCC_OPTIMIZATION_LEVEL = 0;
				GCC_PREPROCESSOR_DEFINITIONS = (
					"DEBUG=1",
					"$(inherited)",
				);
				GCC_WARN_64_TO_32_BIT_CONVERSION = YES;
				GCC_WARN_ABOUT_RETURN_TYPE = YES_ERROR;
				GCC_WARN_UNDECLARED_SELECTOR = YES;
				GCC_WARN_UNINITIALIZED_AUTOS = YES_AGGRESSIVE;
				GCC_WARN_UNUSED_FUNCTION = YES;
				GCC_WARN_UNUSED_VARIABLE = YES;
				IPHONEOS_DEPLOYMENT_TARGET = 14.4;
				MTL_ENABLE_DEBUG_INFO = INCLUDE_SOURCE;
				MTL_FAST_MATH = YES;
				ONLY_ACTIVE_ARCH = YES;
				SDKROOT = iphoneos;
				SWIFT_ACTIVE_COMPILATION_CONDITIONS = DEBUG;
				SWIFT_OPTIMIZATION_LEVEL = "-Onone";
			};
			name = Debug;
		};
		6A33FE52262C107D00ABE5A7 /* Release */ = {
			isa = XCBuildConfiguration;
			buildSettings = {
				ALWAYS_SEARCH_USER_PATHS = NO;
				CLANG_ANALYZER_NONNULL = YES;
				CLANG_ANALYZER_NUMBER_OBJECT_CONVERSION = YES_AGGRESSIVE;
				CLANG_CXX_LANGUAGE_STANDARD = "gnu++14";
				CLANG_CXX_LIBRARY = "libc++";
				CLANG_ENABLE_MODULES = YES;
				CLANG_ENABLE_OBJC_ARC = YES;
				CLANG_ENABLE_OBJC_WEAK = YES;
				CLANG_WARN_BLOCK_CAPTURE_AUTORELEASING = YES;
				CLANG_WARN_BOOL_CONVERSION = YES;
				CLANG_WARN_COMMA = YES;
				CLANG_WARN_CONSTANT_CONVERSION = YES;
				CLANG_WARN_DEPRECATED_OBJC_IMPLEMENTATIONS = YES;
				CLANG_WARN_DIRECT_OBJC_ISA_USAGE = YES_ERROR;
				CLANG_WARN_DOCUMENTATION_COMMENTS = YES;
				CLANG_WARN_EMPTY_BODY = YES;
				CLANG_WARN_ENUM_CONVERSION = YES;
				CLANG_WARN_INFINITE_RECURSION = YES;
				CLANG_WARN_INT_CONVERSION = YES;
				CLANG_WARN_NON_LITERAL_NULL_CONVERSION = YES;
				CLANG_WARN_OBJC_IMPLICIT_RETAIN_SELF = YES;
				CLANG_WARN_OBJC_LITERAL_CONVERSION = YES;
				CLANG_WARN_OBJC_ROOT_CLASS = YES_ERROR;
				CLANG_WARN_QUOTED_INCLUDE_IN_FRAMEWORK_HEADER = YES;
				CLANG_WARN_RANGE_LOOP_ANALYSIS = YES;
				CLANG_WARN_STRICT_PROTOTYPES = YES;
				CLANG_WARN_SUSPICIOUS_MOVE = YES;
				CLANG_WARN_UNGUARDED_AVAILABILITY = YES_AGGRESSIVE;
				CLANG_WARN_UNREACHABLE_CODE = YES;
				CLANG_WARN__DUPLICATE_METHOD_MATCH = YES;
				COPY_PHASE_STRIP = NO;
				DEBUG_INFORMATION_FORMAT = "dwarf-with-dsym";
				ENABLE_NS_ASSERTIONS = NO;
				ENABLE_STRICT_OBJC_MSGSEND = YES;
				GCC_C_LANGUAGE_STANDARD = gnu11;
				GCC_NO_COMMON_BLOCKS = YES;
				GCC_WARN_64_TO_32_BIT_CONVERSION = YES;
				GCC_WARN_ABOUT_RETURN_TYPE = YES_ERROR;
				GCC_WARN_UNDECLARED_SELECTOR = YES;
				GCC_WARN_UNINITIALIZED_AUTOS = YES_AGGRESSIVE;
				GCC_WARN_UNUSED_FUNCTION = YES;
				GCC_WARN_UNUSED_VARIABLE = YES;
				IPHONEOS_DEPLOYMENT_TARGET = 14.4;
				MTL_ENABLE_DEBUG_INFO = NO;
				MTL_FAST_MATH = YES;
				SDKROOT = iphoneos;
				SWIFT_COMPILATION_MODE = wholemodule;
				SWIFT_OPTIMIZATION_LEVEL = "-O";
				VALIDATE_PRODUCT = YES;
			};
			name = Release;
		};
		6A33FE54262C107D00ABE5A7 /* Debug */ = {
			isa = XCBuildConfiguration;
			baseConfigurationReference = F94DB877476CB2A06806B6B5 /* Pods-TikTok_Clone.debug.xcconfig */;
			buildSettings = {
				ASSETCATALOG_COMPILER_APPICON_NAME = AppIcon;
				ASSETCATALOG_COMPILER_GLOBAL_ACCENT_COLOR_NAME = AccentColor;
				CODE_SIGN_STYLE = Automatic;
				DEVELOPMENT_TEAM = 64WAG22Y2J;
				INFOPLIST_FILE = TikTok_Clone/Info.plist;
				IPHONEOS_DEPLOYMENT_TARGET = 13.0;
				LD_RUNPATH_SEARCH_PATHS = (
					"$(inherited)",
					"@executable_path/Frameworks",
				);
				PRODUCT_BUNDLE_IDENTIFIER = "vincentGeranium.TikTok-Clone";
				PRODUCT_NAME = "$(TARGET_NAME)";
				SWIFT_VERSION = 5.0;
				TARGETED_DEVICE_FAMILY = 1;
			};
			name = Debug;
		};
		6A33FE55262C107D00ABE5A7 /* Release */ = {
			isa = XCBuildConfiguration;
			baseConfigurationReference = 2E8D877CF932677DA393560E /* Pods-TikTok_Clone.release.xcconfig */;
			buildSettings = {
				ASSETCATALOG_COMPILER_APPICON_NAME = AppIcon;
				ASSETCATALOG_COMPILER_GLOBAL_ACCENT_COLOR_NAME = AccentColor;
				CODE_SIGN_STYLE = Automatic;
				DEVELOPMENT_TEAM = 64WAG22Y2J;
				INFOPLIST_FILE = TikTok_Clone/Info.plist;
				IPHONEOS_DEPLOYMENT_TARGET = 13.0;
				LD_RUNPATH_SEARCH_PATHS = (
					"$(inherited)",
					"@executable_path/Frameworks",
				);
				PRODUCT_BUNDLE_IDENTIFIER = "vincentGeranium.TikTok-Clone";
				PRODUCT_NAME = "$(TARGET_NAME)";
				SWIFT_VERSION = 5.0;
				TARGETED_DEVICE_FAMILY = 1;
			};
			name = Release;
		};
/* End XCBuildConfiguration section */

/* Begin XCConfigurationList section */
		6A33FE3A262C107C00ABE5A7 /* Build configuration list for PBXProject "TikTok_Clone" */ = {
			isa = XCConfigurationList;
			buildConfigurations = (
				6A33FE51262C107D00ABE5A7 /* Debug */,
				6A33FE52262C107D00ABE5A7 /* Release */,
			);
			defaultConfigurationIsVisible = 0;
			defaultConfigurationName = Release;
		};
		6A33FE53262C107D00ABE5A7 /* Build configuration list for PBXNativeTarget "TikTok_Clone" */ = {
			isa = XCConfigurationList;
			buildConfigurations = (
				6A33FE54262C107D00ABE5A7 /* Debug */,
				6A33FE55262C107D00ABE5A7 /* Release */,
			);
			defaultConfigurationIsVisible = 0;
			defaultConfigurationName = Release;
		};
/* End XCConfigurationList section */
	};
	rootObject = 6A33FE37262C107C00ABE5A7 /* Project object */;
}
